// !$*UTF8*$!
{
	archiveVersion = 1;
	classes = {
	};
	objectVersion = 50;
	objects = {

/* Begin PBXBuildFile section */
		69E1953422B3DF18001E8AEC /* AppDelegate.swift in Sources */ = {isa = PBXBuildFile; fileRef = 69E1953322B3DF17001E8AEC /* AppDelegate.swift */; };
		69E1953622B3DF19001E8AEC /* Assets.xcassets in Resources */ = {isa = PBXBuildFile; fileRef = 69E1953522B3DF19001E8AEC /* Assets.xcassets */; };
		69E1953922B3DF19001E8AEC /* MainMenu.xib in Resources */ = {isa = PBXBuildFile; fileRef = 69E1953722B3DF19001E8AEC /* MainMenu.xib */; };
		69E1954222B3DFCC001E8AEC /* NSWindow+Shaking.swift in Sources */ = {isa = PBXBuildFile; fileRef = 69E1954122B3DFCC001E8AEC /* NSWindow+Shaking.swift */; };
		69E1954422B3E001001E8AEC /* AppController.swift in Sources */ = {isa = PBXBuildFile; fileRef = 69E1954322B3E001001E8AEC /* AppController.swift */; };
		69E1955F22B655F5001E8AEC /* ImageContentView.swift in Sources */ = {isa = PBXBuildFile; fileRef = 69E1955E22B655F5001E8AEC /* ImageContentView.swift */; };
		69E195E822B66D46001E8AEC /* Magic8BallWindow.swift in Sources */ = {isa = PBXBuildFile; fileRef = 69E195E722B66D46001E8AEC /* Magic8BallWindow.swift */; };
/* End PBXBuildFile section */

/* Begin PBXFileReference section */
		69E1953022B3DF17001E8AEC /* Magic8Ball.app */ = {isa = PBXFileReference; explicitFileType = wrapper.application; includeInIndex = 0; path = Magic8Ball.app; sourceTree = BUILT_PRODUCTS_DIR; };
		69E1953322B3DF17001E8AEC /* AppDelegate.swift */ = {isa = PBXFileReference; lastKnownFileType = sourcecode.swift; path = AppDelegate.swift; sourceTree = "<group>"; };
		69E1953522B3DF19001E8AEC /* Assets.xcassets */ = {isa = PBXFileReference; lastKnownFileType = folder.assetcatalog; path = Assets.xcassets; sourceTree = "<group>"; };
		69E1953822B3DF19001E8AEC /* Base */ = {isa = PBXFileReference; lastKnownFileType = file.xib; name = Base; path = Base.lproj/MainMenu.xib; sourceTree = "<group>"; };
		69E1953A22B3DF19001E8AEC /* Info.plist */ = {isa = PBXFileReference; lastKnownFileType = text.plist.xml; path = Info.plist; sourceTree = "<group>"; };
		69E1954122B3DFCC001E8AEC /* NSWindow+Shaking.swift */ = {isa = PBXFileReference; fileEncoding = 4; lastKnownFileType = sourcecode.swift; path = "NSWindow+Shaking.swift"; sourceTree = "<group>"; };
		69E1954322B3E001001E8AEC /* AppController.swift */ = {isa = PBXFileReference; lastKnownFileType = sourcecode.swift; path = AppController.swift; sourceTree = "<group>"; };
		69E1955E22B655F5001E8AEC /* ImageContentView.swift */ = {isa = PBXFileReference; lastKnownFileType = sourcecode.swift; path = ImageContentView.swift; sourceTree = "<group>"; };
		69E195E722B66D46001E8AEC /* Magic8BallWindow.swift */ = {isa = PBXFileReference; lastKnownFileType = sourcecode.swift; path = Magic8BallWindow.swift; sourceTree = "<group>"; };
		69ED69CF22B7A82B0025C29C /* README.md */ = {isa = PBXFileReference; lastKnownFileType = net.daringfireball.markdown; path = README.md; sourceTree = "<group>"; };
/* End PBXFileReference section */

/* Begin PBXFrameworksBuildPhase section */
		69E1952D22B3DF17001E8AEC /* Frameworks */ = {
			isa = PBXFrameworksBuildPhase;
			buildActionMask = 2147483647;
			files = (
			);
			runOnlyForDeploymentPostprocessing = 0;
		};
/* End PBXFrameworksBuildPhase section */

/* Begin PBXGroup section */
		69E1952722B3DF17001E8AEC = {
			isa = PBXGroup;
			children = (
				69ED69CF22B7A82B0025C29C /* README.md */,
				69E1953222B3DF17001E8AEC /* Magic8Ball */,
				69E1953122B3DF17001E8AEC /* Products */,
			);
			sourceTree = "<group>";
		};
		69E1953122B3DF17001E8AEC /* Products */ = {
			isa = PBXGroup;
			children = (
				69E1953022B3DF17001E8AEC /* Magic8Ball.app */,
			);
			name = Products;
			sourceTree = "<group>";
		};
		69E1953222B3DF17001E8AEC /* Magic8Ball */ = {
			isa = PBXGroup;
			children = (
				69E1953322B3DF17001E8AEC /* AppDelegate.swift */,
				69E1954322B3E001001E8AEC /* AppController.swift */,
				69E195E622B659E0001E8AEC /* Window */,
				69E1953A22B3DF19001E8AEC /* Info.plist */,
				69E1956022B656A5001E8AEC /* Resources */,
			);
			path = Magic8Ball;
			sourceTree = "<group>";
		};
		69E1956022B656A5001E8AEC /* Resources */ = {
			isa = PBXGroup;
			children = (
				69E1953722B3DF19001E8AEC /* MainMenu.xib */,
				69E1953522B3DF19001E8AEC /* Assets.xcassets */,
			);
			path = Resources;
			sourceTree = "<group>";
		};
		69E195E622B659E0001E8AEC /* Window */ = {
			isa = PBXGroup;
			children = (
				69E195E722B66D46001E8AEC /* Magic8BallWindow.swift */,
				69E1955E22B655F5001E8AEC /* ImageContentView.swift */,
				69E1954122B3DFCC001E8AEC /* NSWindow+Shaking.swift */,
			);
			path = Window;
			sourceTree = "<group>";
		};
/* End PBXGroup section */

/* Begin PBXNativeTarget section */
		69E1952F22B3DF17001E8AEC /* Magic8Ball */ = {
			isa = PBXNativeTarget;
			buildConfigurationList = 69E1953E22B3DF19001E8AEC /* Build configuration list for PBXNativeTarget "Magic8Ball" */;
			buildPhases = (
				69E1952C22B3DF17001E8AEC /* Sources */,
				69E1952D22B3DF17001E8AEC /* Frameworks */,
				69E1952E22B3DF17001E8AEC /* Resources */,
			);
			buildRules = (
			);
			dependencies = (
			);
			name = Magic8Ball;
			productName = Magic8Ball;
			productReference = 69E1953022B3DF17001E8AEC /* Magic8Ball.app */;
			productType = "com.apple.product-type.application";
		};
/* End PBXNativeTarget section */

/* Begin PBXProject section */
		69E1952822B3DF17001E8AEC /* Project object */ = {
			isa = PBXProject;
			attributes = {
				LastSwiftUpdateCheck = 1020;
				LastUpgradeCheck = 1020;
				ORGANIZATIONNAME = aronskaya;
				TargetAttributes = {
					69E1952F22B3DF17001E8AEC = {
						CreatedOnToolsVersion = 10.2.1;
						SystemCapabilities = {
							com.apple.Sandbox = {
								enabled = 0;
							};
						};
					};
				};
			};
			buildConfigurationList = 69E1952B22B3DF17001E8AEC /* Build configuration list for PBXProject "Magic8Ball" */;
			compatibilityVersion = "Xcode 9.3";
			developmentRegion = en;
			hasScannedForEncodings = 0;
			knownRegions = (
				en,
				Base,
			);
			mainGroup = 69E1952722B3DF17001E8AEC;
			productRefGroup = 69E1953122B3DF17001E8AEC /* Products */;
			projectDirPath = "";
			projectRoot = "";
			targets = (
				69E1952F22B3DF17001E8AEC /* Magic8Ball */,
			);
		};
/* End PBXProject section */

/* Begin PBXResourcesBuildPhase section */
		69E1952E22B3DF17001E8AEC /* Resources */ = {
			isa = PBXResourcesBuildPhase;
			buildActionMask = 2147483647;
			files = (
				69E1953622B3DF19001E8AEC /* Assets.xcassets in Resources */,
				69E1953922B3DF19001E8AEC /* MainMenu.xib in Resources */,
			);
			runOnlyForDeploymentPostprocessing = 0;
		};
/* End PBXResourcesBuildPhase section */

/* Begin PBXSourcesBuildPhase section */
		69E1952C22B3DF17001E8AEC /* Sources */ = {
			isa = PBXSourcesBuildPhase;
			buildActionMask = 2147483647;
			files = (
				69E1954222B3DFCC001E8AEC /* NSWindow+Shaking.swift in Sources */,
				69E1955F22B655F5001E8AEC /* ImageContentView.swift in Sources */,
				69E1953422B3DF18001E8AEC /* AppDelegate.swift in Sources */,
				69E1954422B3E001001E8AEC /* AppController.swift in Sources */,
				69E195E822B66D46001E8AEC /* Magic8BallWindow.swift in Sources */,
			);
			runOnlyForDeploymentPostprocessing = 0;
		};
/* End PBXSourcesBuildPhase section */

/* Begin PBXVariantGroup section */
		69E1953722B3DF19001E8AEC /* MainMenu.xib */ = {
			isa = PBXVariantGroup;
			children = (
				69E1953822B3DF19001E8AEC /* Base */,
			);
			name = MainMenu.xib;
			sourceTree = "<group>";
		};
/* End PBXVariantGroup section */

/* Begin XCBuildConfiguration section */
		69E1953C22B3DF19001E8AEC /* Debug */ = {
			isa = XCBuildConfiguration;
			buildSettings = {
				ALWAYS_SEARCH_USER_PATHS = NO;
				CLANG_ANALYZER_NONNULL = YES;
				CLANG_ANALYZER_NUMBER_OBJECT_CONVERSION = YES_AGGRESSIVE;
				CLANG_CXX_LANGUAGE_STANDARD = "gnu++14";
				CLANG_CXX_LIBRARY = "libc++";
				CLANG_ENABLE_MODULES = YES;
				CLANG_ENABLE_OBJC_ARC = YES;
				CLANG_ENABLE_OBJC_WEAK = YES;
				CLANG_WARN_BLOCK_CAPTURE_AUTORELEASING = YES;
				CLANG_WARN_BOOL_CONVERSION = YES;
				CLANG_WARN_COMMA = YES;
				CLANG_WARN_CONSTANT_CONVERSION = YES;
				CLANG_WARN_DEPRECATED_OBJC_IMPLEMENTATIONS = YES;
				CLANG_WARN_DIRECT_OBJC_ISA_USAGE = YES_ERROR;
				CLANG_WARN_DOCUMENTATION_COMMENTS = YES;
				CLANG_WARN_EMPTY_BODY = YES;
				CLANG_WARN_ENUM_CONVERSION = YES;
				CLANG_WARN_INFINITE_RECURSION = YES;
				CLANG_WARN_INT_CONVERSION = YES;
				CLANG_WARN_NON_LITERAL_NULL_CONVERSION = YES;
				CLANG_WARN_OBJC_IMPLICIT_RETAIN_SELF = YES;
				CLANG_WARN_OBJC_LITERAL_CONVERSION = YES;
				CLANG_WARN_OBJC_ROOT_CLASS = YES_ERROR;
				CLANG_WARN_RANGE_LOOP_ANALYSIS = YES;
				CLANG_WARN_STRICT_PROTOTYPES = YES;
				CLANG_WARN_SUSPICIOUS_MOVE = YES;
				CLANG_WARN_UNGUARDED_AVAILABILITY = YES_AGGRESSIVE;
				CLANG_WARN_UNREACHABLE_CODE = YES;
				CLANG_WARN__DUPLICATE_METHOD_MATCH = YES;
				CODE_SIGN_IDENTITY = "Mac Developer";
				COPY_PHASE_STRIP = NO;
				DEBUG_INFORMATION_FORMAT = dwarf;
				ENABLE_STRICT_OBJC_MSGSEND = YES;
				ENABLE_TESTABILITY = YES;
				GCC_C_LANGUAGE_STANDARD = gnu11;
				GCC_DYNAMIC_NO_PIC = NO;
				GCC_NO_COMMON_BLOCKS = YES;
				GCC_OPTIMIZATION_LEVEL = 0;
				GCC_PREPROCESSOR_DEFINITIONS = (
					"DEBUG=1",
					"$(inherited)",
				);
				GCC_WARN_64_TO_32_BIT_CONVERSION = YES;
				GCC_WARN_ABOUT_RETURN_TYPE = YES_ERROR;
				GCC_WARN_UNDECLARED_SELECTOR = YES;
				GCC_WARN_UNINITIALIZED_AUTOS = YES_AGGRESSIVE;
				GCC_WARN_UNUSED_FUNCTION = YES;
				GCC_WARN_UNUSED_VARIABLE = YES;
				MACOSX_DEPLOYMENT_TARGET = 10.14;
				MTL_ENABLE_DEBUG_INFO = INCLUDE_SOURCE;
				MTL_FAST_MATH = YES;
				ONLY_ACTIVE_ARCH = YES;
				SDKROOT = macosx;
				SWIFT_ACTIVE_COMPILATION_CONDITIONS = DEBUG;
				SWIFT_OPTIMIZATION_LEVEL = "-Onone";
			};
			name = Debug;
		};
		69E1953D22B3DF19001E8AEC /* Release */ = {
			isa = XCBuildConfiguration;
			buildSettings = {
				ALWAYS_SEARCH_USER_PATHS = NO;
				CLANG_ANALYZER_NONNULL = YES;
				CLANG_ANALYZER_NUMBER_OBJECT_CONVERSION = YES_AGGRESSIVE;
				CLANG_CXX_LANGUAGE_STANDARD = "gnu++14";
				CLANG_CXX_LIBRARY = "libc++";
				CLANG_ENABLE_MODULES = YES;
				CLANG_ENABLE_OBJC_ARC = YES;
				CLANG_ENABLE_OBJC_WEAK = YES;
				CLANG_WARN_BLOCK_CAPTURE_AUTORELEASING = YES;
				CLANG_WARN_BOOL_CONVERSION = YES;
				CLANG_WARN_COMMA = YES;
				CLANG_WARN_CONSTANT_CONVERSION = YES;
				CLANG_WARN_DEPRECATED_OBJC_IMPLEMENTATIONS = YES;
				CLANG_WARN_DIRECT_OBJC_ISA_USAGE = YES_ERROR;
				CLANG_WARN_DOCUMENTATION_COMMENTS = YES;
				CLANG_WARN_EMPTY_BODY = YES;
				CLANG_WARN_ENUM_CONVERSION = YES;
				CLANG_WARN_INFINITE_RECURSION = YES;
				CLANG_WARN_INT_CONVERSION = YES;
				CLANG_WARN_NON_LITERAL_NULL_CONVERSION = YES;
				CLANG_WARN_OBJC_IMPLICIT_RETAIN_SELF = YES;
				CLANG_WARN_OBJC_LITERAL_CONVERSION = YES;
				CLANG_WARN_OBJC_ROOT_CLASS = YES_ERROR;
				CLANG_WARN_RANGE_LOOP_ANALYSIS = YES;
				CLANG_WARN_STRICT_PROTOTYPES = YES;
				CLANG_WARN_SUSPICIOUS_MOVE = YES;
				CLANG_WARN_UNGUARDED_AVAILABILITY = YES_AGGRESSIVE;
				CLANG_WARN_UNREACHABLE_CODE = YES;
				CLANG_WARN__DUPLICATE_METHOD_MATCH = YES;
				CODE_SIGN_IDENTITY = "Mac Developer";
				COPY_PHASE_STRIP = NO;
				DEBUG_INFORMATION_FORMAT = "dwarf-with-dsym";
				ENABLE_NS_ASSERTIONS = NO;
				ENABLE_STRICT_OBJC_MSGSEND = YES;
				GCC_C_LANGUAGE_STANDARD = gnu11;
				GCC_NO_COMMON_BLOCKS = YES;
				GCC_WARN_64_TO_32_BIT_CONVERSION = YES;
				GCC_WARN_ABOUT_RETURN_TYPE = YES_ERROR;
				GCC_WARN_UNDECLARED_SELECTOR = YES;
				GCC_WARN_UNINITIALIZED_AUTOS = YES_AGGRESSIVE;
				GCC_WARN_UNUSED_FUNCTION = YES;
				GCC_WARN_UNUSED_VARIABLE = YES;
				MACOSX_DEPLOYMENT_TARGET = 10.14;
				MTL_ENABLE_DEBUG_INFO = NO;
				MTL_FAST_MATH = YES;
				SDKROOT = macosx;
				SWIFT_COMPILATION_MODE = wholemodule;
				SWIFT_OPTIMIZATION_LEVEL = "-O";
			};
			name = Release;
		};
		69E1953F22B3DF19001E8AEC /* Debug */ = {
			isa = XCBuildConfiguration;
			buildSettings = {
				ASSETCATALOG_COMPILER_APPICON_NAME = AppIcon;
				CODE_SIGN_STYLE = Automatic;
				COMBINE_HIDPI_IMAGES = YES;
				DEVELOPMENT_TEAM = CZPU3C72KU;
				INFOPLIST_FILE = Magic8Ball/Info.plist;
				LD_RUNPATH_SEARCH_PATHS = (
					"$(inherited)",
					"@executable_path/../Frameworks",
				);
				PRODUCT_BUNDLE_IDENTIFIER = com.aronskaya.Magic8Ball;
				PRODUCT_NAME = "$(TARGET_NAME)";
				SWIFT_VERSION = 5.0;
			};
			name = Debug;
		};
		69E1954022B3DF19001E8AEC /* Release */ = {
			isa = XCBuildConfiguration;
			buildSettings = {
				ASSETCATALOG_COMPILER_APPICON_NAME = AppIcon;
				CODE_SIGN_STYLE = Automatic;
				COMBINE_HIDPI_IMAGES = YES;
				DEVELOPMENT_TEAM = CZPU3C72KU;
				INFOPLIST_FILE = Magic8Ball/Info.plist;
				LD_RUNPATH_SEARCH_PATHS = (
					"$(inherited)",
					"@executable_path/../Frameworks",
				);
				PRODUCT_BUNDLE_IDENTIFIER = com.aronskaya.Magic8Ball;
				PRODUCT_NAME = "$(TARGET_NAME)";
				SWIFT_VERSION = 5.0;
			};
			name = Release;
		};
/* End XCBuildConfiguration section */

/* Begin XCConfigurationList section */
		69E1952B22B3DF17001E8AEC /* Build configuration list for PBXProject "Magic8Ball" */ = {
			isa = XCConfigurationList;
			buildConfigurations = (
				69E1953C22B3DF19001E8AEC /* Debug */,
				69E1953D22B3DF19001E8AEC /* Release */,
			);
			defaultConfigurationIsVisible = 0;
			defaultConfigurationName = Release;
		};
		69E1953E22B3DF19001E8AEC /* Build configuration list for PBXNativeTarget "Magic8Ball" */ = {
			isa = XCConfigurationList;
			buildConfigurations = (
				69E1953F22B3DF19001E8AEC /* Debug */,
				69E1954022B3DF19001E8AEC /* Release */,
			);
			defaultConfigurationIsVisible = 0;
			defaultConfigurationName = Release;
		};
/* End XCConfigurationList section */
	};
	rootObject = 69E1952822B3DF17001E8AEC /* Project object */;
}
